
Microsoft Visual Studio Solution File, Format Version 12.00
# Visual Studio 15
VisualStudioVersion = 15.0.28307.489
MinimumVisualStudioVersion = 10.0.40219.1
Project("{FAE04EC0-301F-11D3-BF4B-00C04F79EFBC}") = "【简易MP3播放器】水蓝色幻姬——by漫舞枪神", "桌面音乐APP\【简易MP3播放器】水蓝色幻姬——by漫舞枪神.csproj", "{2DB666B3-3480-406C-9FA7-B66E590E7616}"
EndProject
Global
	GlobalSection(SolutionConfigurationPlatforms) = preSolution
		Debug|Any CPU = Debug|Any CPU
		Release|Any CPU = Release|Any CPU
	EndGlobalSection
	GlobalSection(ProjectConfigurationPlatforms) = postSolution
		{2DB666B3-3480-406C-9FA7-B66E590E7616}.Debug|Any CPU.ActiveCfg = Debug|Any CPU
		{2DB666B3-3480-406C-9FA7-B66E590E7616}.Debug|Any CPU.Build.0 = Debug|Any CPU
		{2DB666B3-3480-406C-9FA7-B66E590E7616}.Release|Any CPU.ActiveCfg = Release|Any CPU
		{2DB666B3-3480-406C-9FA7-B66E590E7616}.Release|Any CPU.Build.0 = Release|Any CPU
	EndGlobalSection
	GlobalSection(SolutionProperties) = preSolution
		HideSolutionNode = FALSE
	EndGlobalSection
	GlobalSection(ExtensibilityGlobals) = postSolution
		SolutionGuid = {099BDE46-AE17-425C-82CB-8E7D62D986EE}
	EndGlobalSection
EndGlobal
